
Microsoft Visual Studio Solution File, Format Version 12.00
# Visual Studio Version 17
VisualStudioVersion = 17.14.36511.14 d17.14
MinimumVisualStudioVersion = 10.0.40219.1
Project("{FAE04EC0-301F-11D3-BF4B-00C04F79EFBC}") = "AccordionGridProject", "AccordionGridProject.csproj", "{EB05CC60-6A52-44C7-AB1D-6AF64FE9A3EA}"
EndProject
Global
	GlobalSection(SolutionConfigurationPlatforms) = preSolution
		Debug|Any CPU = Debug|Any CPU
		Release|Any CPU = Release|Any CPU
	EndGlobalSection
	GlobalSection(ProjectConfigurationPlatforms) = postSolution
		{EB05CC60-6A52-44C7-AB1D-6AF64FE9A3EA}.Debug|Any CPU.ActiveCfg = Debug|Any CPU
		{EB05CC60-6A52-44C7-AB1D-6AF64FE9A3EA}.Debug|Any CPU.Build.0 = Debug|Any CPU
		{EB05CC60-6A52-44C7-AB1D-6AF64FE9A3EA}.Release|Any CPU.ActiveCfg = Release|Any CPU
		{EB05CC60-6A52-44C7-AB1D-6AF64FE9A3EA}.Release|Any CPU.Build.0 = Release|Any CPU
	EndGlobalSection
	GlobalSection(SolutionProperties) = preSolution
		HideSolutionNode = FALSE
	EndGlobalSection
	GlobalSection(ExtensibilityGlobals) = postSolution
		SolutionGuid = {74E6B277-6B10-4FEA-9C48-1881CDB9520A}
	EndGlobalSection
EndGlobal
